{
  "name": "get-time-tool",
  "version": "1.0.0",
  "lockfileVersion": 3,
  "requires": true,
  "packages": {
    "": {
      "name": "get-time-tool",
      "version": "1.0.0",
      "dependencies": {
        "rap-js": "file:../../../infinity-agents/rap-js"
      }
    },
    "../../../infinity-agents/rap-js": {
      "version": "1.0.0",
      "dependencies": {
        "@aws-crypto/sha256-js": "^5.0.0",
        "@aws-sdk/credential-provider-node": "^3.0.0",
        "@smithy/protocol-http": "^4.0.0",
        "@smithy/signature-v4": "^4.0.0"
      }
    },
    "node_modules/rap-js": {
      "resolved": "../../../infinity-agents/rap-js",
      "link": true
    }
  }
}
